
Microsoft Visual Studio Solution File, Format Version 12.00
# Visual Studio Version 17
VisualStudioVersion = 17.7.34031.279
MinimumVisualStudioVersion = 10.0.40219.1
Project("{FAE04EC0-301F-11D3-BF4B-00C04F79EFBC}") = "coursework", "coursework\coursework.csproj", "{14B4D7FD-C703-49F2-BB28-A837B98CF80F}"
EndProject
Global
	GlobalSection(SolutionConfigurationPlatforms) = preSolution
		Debug|Any CPU = Debug|Any CPU
		Release|Any CPU = Release|Any CPU
	EndGlobalSection
	GlobalSection(ProjectConfigurationPlatforms) = postSolution
		{14B4D7FD-C703-49F2-BB28-A837B98CF80F}.Debug|Any CPU.ActiveCfg = Debug|Any CPU
		{14B4D7FD-C703-49F2-BB28-A837B98CF80F}.Debug|Any CPU.Build.0 = Debug|Any CPU
		{14B4D7FD-C703-49F2-BB28-A837B98CF80F}.Release|Any CPU.ActiveCfg = Release|Any CPU
		{14B4D7FD-C703-49F2-BB28-A837B98CF80F}.Release|Any CPU.Build.0 = Release|Any CPU
	EndGlobalSection
	GlobalSection(SolutionProperties) = preSolution
		HideSolutionNode = FALSE
	EndGlobalSection
	GlobalSection(ExtensibilityGlobals) = postSolution
		SolutionGuid = {CD2BA0AD-E629-4825-8BA0-452E4419AD93}
	EndGlobalSection
EndGlobal
